
Microsoft Visual Studio Solution File, Format Version 12.00
# Visual Studio Version 16
VisualStudioVersion = 16.0.29215.179
MinimumVisualStudioVersion = 10.0.40219.1
Project("{8BC9CEB8-8B4A-11D0-8D11-00A0C91BC942}") = "ConsoleApplication2", "ConsoleApplication2\ConsoleApplication2.vcxproj", "{B8936A09-6D2F-453A-B9AD-356E2145F1EC}"
EndProject
Global
	GlobalSection(SolutionConfigurationPlatforms) = preSolution
		Debug|x64 = Debug|x64
		Debug|x86 = Debug|x86
		Release|x64 = Release|x64
		Release|x86 = Release|x86
	EndGlobalSection
	GlobalSection(ProjectConfigurationPlatforms) = postSolution
		{B8936A09-6D2F-453A-B9AD-356E2145F1EC}.Debug|x64.ActiveCfg = Debug|x64
		{B8936A09-6D2F-453A-B9AD-356E2145F1EC}.Debug|x64.Build.0 = Debug|x64
		{B8936A09-6D2F-453A-B9AD-356E2145F1EC}.Debug|x86.ActiveCfg = Debug|Win32
		{B8936A09-6D2F-453A-B9AD-356E2145F1EC}.Debug|x86.Build.0 = Debug|Win32
		{B8936A09-6D2F-453A-B9AD-356E2145F1EC}.Release|x64.ActiveCfg = Release|x64
		{B8936A09-6D2F-453A-B9AD-356E2145F1EC}.Release|x64.Build.0 = Release|x64
		{B8936A09-6D2F-453A-B9AD-356E2145F1EC}.Release|x86.ActiveCfg = Release|Win32
		{B8936A09-6D2F-453A-B9AD-356E2145F1EC}.Release|x86.Build.0 = Release|Win32
	EndGlobalSection
	GlobalSection(SolutionProperties) = preSolution
		HideSolutionNode = FALSE
	EndGlobalSection
	GlobalSection(ExtensibilityGlobals) = postSolution
		SolutionGuid = {93FE2F95-F961-4E73-B50E-E7339AC98133}
	EndGlobalSection
EndGlobal
